
Microsoft Visual Studio Solution File, Format Version 12.00
# Visual Studio Version 17
VisualStudioVersion = 17.8.34316.72
MinimumVisualStudioVersion = 10.0.40219.1
Project("{8BC9CEB8-8B4A-11D0-8D11-00A0C91BC942}") = "proiect_radu_elena", "proiect_radu_elena\proiect_radu_elena.vcxproj", "{BA401496-3454-4377-BE17-C0A7739F68EE}"
EndProject
Global
	GlobalSection(SolutionConfigurationPlatforms) = preSolution
		Debug|x64 = Debug|x64
		Debug|x86 = Debug|x86
		Release|x64 = Release|x64
		Release|x86 = Release|x86
	EndGlobalSection
	GlobalSection(ProjectConfigurationPlatforms) = postSolution
		{BA401496-3454-4377-BE17-C0A7739F68EE}.Debug|x64.ActiveCfg = Debug|x64
		{BA401496-3454-4377-BE17-C0A7739F68EE}.Debug|x64.Build.0 = Debug|x64
		{BA401496-3454-4377-BE17-C0A7739F68EE}.Debug|x86.ActiveCfg = Debug|Win32
		{BA401496-3454-4377-BE17-C0A7739F68EE}.Debug|x86.Build.0 = Debug|Win32
		{BA401496-3454-4377-BE17-C0A7739F68EE}.Release|x64.ActiveCfg = Release|x64
		{BA401496-3454-4377-BE17-C0A7739F68EE}.Release|x64.Build.0 = Release|x64
		{BA401496-3454-4377-BE17-C0A7739F68EE}.Release|x86.ActiveCfg = Release|Win32
		{BA401496-3454-4377-BE17-C0A7739F68EE}.Release|x86.Build.0 = Release|Win32
	EndGlobalSection
	GlobalSection(SolutionProperties) = preSolution
		HideSolutionNode = FALSE
	EndGlobalSection
	GlobalSection(ExtensibilityGlobals) = postSolution
		SolutionGuid = {78573F0A-C5EC-4176-95B6-B065FAE7A9BD}
	EndGlobalSection
EndGlobal
